
Microsoft Visual Studio Solution File, Format Version 12.00
# Visual Studio Version 16
VisualStudioVersion = 16.0.30406.217
MinimumVisualStudioVersion = 10.0.40219.1
Project("{9A19103F-16F7-4668-BE54-9A1E7A4F7556}") = "BlazorApp1", "BlazorApp1\BlazorApp1.csproj", "{29DA65B9-8B5A-433B-AE64-97AC10699221}"
EndProject
Project("{FAE04EC0-301F-11D3-BF4B-00C04F79EFBC}") = "WebApplication1", "WebApplication1\WebApplication1.csproj", "{2E3F2EF6-0CB1-465E-8236-3B9B37E198FD}"
EndProject
Project("{FAE04EC0-301F-11D3-BF4B-00C04F79EFBC}") = "Model", "ClassLibrary1\Model.csproj", "{17190A00-D90A-4F1E-8035-9B00504046CC}"
EndProject
Global
	GlobalSection(SolutionConfigurationPlatforms) = preSolution
		Debug|Any CPU = Debug|Any CPU
		Release|Any CPU = Release|Any CPU
	EndGlobalSection
	GlobalSection(ProjectConfigurationPlatforms) = postSolution
		{29DA65B9-8B5A-433B-AE64-97AC10699221}.Debug|Any CPU.ActiveCfg = Debug|Any CPU
		{29DA65B9-8B5A-433B-AE64-97AC10699221}.Debug|Any CPU.Build.0 = Debug|Any CPU
		{29DA65B9-8B5A-433B-AE64-97AC10699221}.Release|Any CPU.ActiveCfg = Release|Any CPU
		{29DA65B9-8B5A-433B-AE64-97AC10699221}.Release|Any CPU.Build.0 = Release|Any CPU
		{2E3F2EF6-0CB1-465E-8236-3B9B37E198FD}.Debug|Any CPU.ActiveCfg = Debug|Any CPU
		{2E3F2EF6-0CB1-465E-8236-3B9B37E198FD}.Debug|Any CPU.Build.0 = Debug|Any CPU
		{2E3F2EF6-0CB1-465E-8236-3B9B37E198FD}.Release|Any CPU.ActiveCfg = Release|Any CPU
		{2E3F2EF6-0CB1-465E-8236-3B9B37E198FD}.Release|Any CPU.Build.0 = Release|Any CPU
		{17190A00-D90A-4F1E-8035-9B00504046CC}.Debug|Any CPU.ActiveCfg = Debug|Any CPU
		{17190A00-D90A-4F1E-8035-9B00504046CC}.Debug|Any CPU.Build.0 = Debug|Any CPU
		{17190A00-D90A-4F1E-8035-9B00504046CC}.Release|Any CPU.ActiveCfg = Release|Any CPU
		{17190A00-D90A-4F1E-8035-9B00504046CC}.Release|Any CPU.Build.0 = Release|Any CPU
	EndGlobalSection
	GlobalSection(SolutionProperties) = preSolution
		HideSolutionNode = FALSE
	EndGlobalSection
	GlobalSection(ExtensibilityGlobals) = postSolution
		SolutionGuid = {6FFC2619-418A-45C2-A68A-123D3FCDE66A}
	EndGlobalSection
EndGlobal
