
Microsoft Visual Studio Solution File, Format Version 12.00
# Visual Studio Version 16
VisualStudioVersion = 16.0.30406.217
MinimumVisualStudioVersion = 10.0.40219.1
Project("{FAE04EC0-301F-11D3-BF4B-00C04F79EFBC}") = "ConsoleApp1", "ConsoleApp1\ConsoleApp1.csproj", "{1D4CB252-9650-4F4A-A281-DCCD3B188C81}"
EndProject
Global
	GlobalSection(SolutionConfigurationPlatforms) = preSolution
		Debug|Any CPU = Debug|Any CPU
		Release|Any CPU = Release|Any CPU
	EndGlobalSection
	GlobalSection(ProjectConfigurationPlatforms) = postSolution
		{1D4CB252-9650-4F4A-A281-DCCD3B188C81}.Debug|Any CPU.ActiveCfg = Debug|Any CPU
		{1D4CB252-9650-4F4A-A281-DCCD3B188C81}.Debug|Any CPU.Build.0 = Debug|Any CPU
		{1D4CB252-9650-4F4A-A281-DCCD3B188C81}.Release|Any CPU.ActiveCfg = Release|Any CPU
		{1D4CB252-9650-4F4A-A281-DCCD3B188C81}.Release|Any CPU.Build.0 = Release|Any CPU
	EndGlobalSection
	GlobalSection(SolutionProperties) = preSolution
		HideSolutionNode = FALSE
	EndGlobalSection
	GlobalSection(ExtensibilityGlobals) = postSolution
		SolutionGuid = {12DDF0EA-E7B8-4049-B245-E7F809E067A1}
	EndGlobalSection
EndGlobal
