
Microsoft Visual Studio Solution File, Format Version 12.00
# Visual Studio Version 16
VisualStudioVersion = 16.0.30406.217
MinimumVisualStudioVersion = 10.0.40219.1
Project("{FAE04EC0-301F-11D3-BF4B-00C04F79EFBC}") = "ejercicio1", "ejercicio1\ejercicio1.csproj", "{C3F17F85-700D-4833-9546-8F8C4C539DF1}"
EndProject
Global
	GlobalSection(SolutionConfigurationPlatforms) = preSolution
		Debug|Any CPU = Debug|Any CPU
		Release|Any CPU = Release|Any CPU
	EndGlobalSection
	GlobalSection(ProjectConfigurationPlatforms) = postSolution
		{C3F17F85-700D-4833-9546-8F8C4C539DF1}.Debug|Any CPU.ActiveCfg = Debug|Any CPU
		{C3F17F85-700D-4833-9546-8F8C4C539DF1}.Debug|Any CPU.Build.0 = Debug|Any CPU
		{C3F17F85-700D-4833-9546-8F8C4C539DF1}.Release|Any CPU.ActiveCfg = Release|Any CPU
		{C3F17F85-700D-4833-9546-8F8C4C539DF1}.Release|Any CPU.Build.0 = Release|Any CPU
	EndGlobalSection
	GlobalSection(SolutionProperties) = preSolution
		HideSolutionNode = FALSE
	EndGlobalSection
	GlobalSection(ExtensibilityGlobals) = postSolution
		SolutionGuid = {DE2D5938-8AB2-48BC-AC3E-C4ED841B1862}
	EndGlobalSection
EndGlobal
